{
  "name": "monacode",
  "version": "0.3.1",
  "lockfileVersion": 2,
  "requires": true,
  "packages": {
    "": {
      "version": "0.3.1",
      "license": "MIT",
      "devDependencies": {
        "esbuild": "0.6.12",
        "servor": "4.0.2"
      }
    },
    "node_modules/esbuild": {
      "version": "0.6.12",
      "resolved": "https://registry.npmjs.org/esbuild/-/esbuild-0.6.12.tgz",
      "integrity": "sha512-IkVwB3wyb1XNq6/f42x02IEor9hLHIhnhqMwezOGK/WSIOf15/lCkybZ5S9rEsCyA4CMLoWhPmi7cmXa/5brrQ==",
      "dev": true,
      "hasInstallScript": true,
      "bin": {
        "esbuild": "bin/esbuild"
      }
    },
    "node_modules/servor": {
      "version": "4.0.2",
      "resolved": "https://registry.npmjs.org/servor/-/servor-4.0.2.tgz",
      "integrity": "sha512-MlmQ5Ntv4jDYUN060x/KEmN7emvIqKMZ9OkM+nY8Bf2+KkyLmGsTqWLyAN2cZr5oESAcH00UanUyyrlS1LRjFw==",
      "dev": true,
      "bin": {
        "servor": "cli.js"
      }
    }
  },
  "dependencies": {
    "esbuild": {
      "version": "0.6.12",
      "resolved": "https://registry.npmjs.org/esbuild/-/esbuild-0.6.12.tgz",
      "integrity": "sha512-IkVwB3wyb1XNq6/f42x02IEor9hLHIhnhqMwezOGK/WSIOf15/lCkybZ5S9rEsCyA4CMLoWhPmi7cmXa/5brrQ==",
      "dev": true
    },
    "servor": {
      "version": "4.0.2",
      "resolved": "https://registry.npmjs.org/servor/-/servor-4.0.2.tgz",
      "integrity": "sha512-MlmQ5Ntv4jDYUN060x/KEmN7emvIqKMZ9OkM+nY8Bf2+KkyLmGsTqWLyAN2cZr5oESAcH00UanUyyrlS1LRjFw==",
      "dev": true
    }
  }
}
